// !$*UTF8*$!
{
	archiveVersion = 1;
	classes = {
	};
	objectVersion = 55;
	objects = {

/* Begin PBXBuildFile section */
		7736959D271DCF11007615CD /* AppDelegate.swift in Sources */ = {isa = PBXBuildFile; fileRef = 7736959C271DCF11007615CD /* AppDelegate.swift */; };
		7736959F271DCF11007615CD /* GameScene.sks in Resources */ = {isa = PBXBuildFile; fileRef = 7736959E271DCF11007615CD /* GameScene.sks */; };
		773695A1271DCF11007615CD /* Actions.sks in Resources */ = {isa = PBXBuildFile; fileRef = 773695A0271DCF11007615CD /* Actions.sks */; };
		773695A3271DCF11007615CD /* GameScene.swift in Sources */ = {isa = PBXBuildFile; fileRef = 773695A2271DCF11007615CD /* GameScene.swift */; };
		773695A5271DCF11007615CD /* GameViewController.swift in Sources */ = {isa = PBXBuildFile; fileRef = 773695A4271DCF11007615CD /* GameViewController.swift */; };
		773695A8271DCF11007615CD /* Main.storyboard in Resources */ = {isa = PBXBuildFile; fileRef = 773695A6271DCF11007615CD /* Main.storyboard */; };
		773695AA271DCF13007615CD /* Assets.xcassets in Resources */ = {isa = PBXBuildFile; fileRef = 773695A9271DCF13007615CD /* Assets.xcassets */; };
		773695AD271DCF13007615CD /* LaunchScreen.storyboard in Resources */ = {isa = PBXBuildFile; fileRef = 773695AB271DCF13007615CD /* LaunchScreen.storyboard */; };
		773695B7271DCF14007615CD /* SushiNekoTests.swift in Sources */ = {isa = PBXBuildFile; fileRef = 773695B6271DCF14007615CD /* SushiNekoTests.swift */; };
		773695C1271DCF14007615CD /* SushiNekoUITests.swift in Sources */ = {isa = PBXBuildFile; fileRef = 773695C0271DCF14007615CD /* SushiNekoUITests.swift */; };
		773695C3271DCF14007615CD /* SushiNekoUITestsLaunchTests.swift in Sources */ = {isa = PBXBuildFile; fileRef = 773695C2271DCF14007615CD /* SushiNekoUITestsLaunchTests.swift */; };
/* End PBXBuildFile section */

/* Begin PBXContainerItemProxy section */
		773695B3271DCF14007615CD /* PBXContainerItemProxy */ = {
			isa = PBXContainerItemProxy;
			containerPortal = 77369591271DCF11007615CD /* Project object */;
			proxyType = 1;
			remoteGlobalIDString = 77369598271DCF11007615CD;
			remoteInfo = SushiNeko;
		};
		773695BD271DCF14007615CD /* PBXContainerItemProxy */ = {
			isa = PBXContainerItemProxy;
			containerPortal = 77369591271DCF11007615CD /* Project object */;
			proxyType = 1;
			remoteGlobalIDString = 77369598271DCF11007615CD;
			remoteInfo = SushiNeko;
		};
/* End PBXContainerItemProxy section */

/* Begin PBXFileReference section */
		77369599271DCF11007615CD /* SushiNeko.app */ = {isa = PBXFileReference; explicitFileType = wrapper.application; includeInIndex = 0; path = SushiNeko.app; sourceTree = BUILT_PRODUCTS_DIR; };
		7736959C271DCF11007615CD /* AppDelegate.swift */ = {isa = PBXFileReference; lastKnownFileType = sourcecode.swift; path = AppDelegate.swift; sourceTree = "<group>"; };
		7736959E271DCF11007615CD /* GameScene.sks */ = {isa = PBXFileReference; lastKnownFileType = file.sks; path = GameScene.sks; sourceTree = "<group>"; };
		773695A0271DCF11007615CD /* Actions.sks */ = {isa = PBXFileReference; lastKnownFileType = file.sks; path = Actions.sks; sourceTree = "<group>"; };
		773695A2271DCF11007615CD /* GameScene.swift */ = {isa = PBXFileReference; lastKnownFileType = sourcecode.swift; path = GameScene.swift; sourceTree = "<group>"; };
		773695A4271DCF11007615CD /* GameViewController.swift */ = {isa = PBXFileReference; lastKnownFileType = sourcecode.swift; path = GameViewController.swift; sourceTree = "<group>"; };
		773695A7271DCF11007615CD /* Base */ = {isa = PBXFileReference; lastKnownFileType = file.storyboard; name = Base; path = Base.lproj/Main.storyboard; sourceTree = "<group>"; };
		773695A9271DCF13007615CD /* Assets.xcassets */ = {isa = PBXFileReference; lastKnownFileType = folder.assetcatalog; path = Assets.xcassets; sourceTree = "<group>"; };
		773695AC271DCF13007615CD /* Base */ = {isa = PBXFileReference; lastKnownFileType = file.storyboard; name = Base; path = Base.lproj/LaunchScreen.storyboard; sourceTree = "<group>"; };
		773695B2271DCF14007615CD /* SushiNekoTests.xctest */ = {isa = PBXFileReference; explicitFileType = wrapper.cfbundle; includeInIndex = 0; path = SushiNekoTests.xctest; sourceTree = BUILT_PRODUCTS_DIR; };
		773695B6271DCF14007615CD /* SushiNekoTests.swift */ = {isa = PBXFileReference; lastKnownFileType = sourcecode.swift; path = SushiNekoTests.swift; sourceTree = "<group>"; };
		773695BC271DCF14007615CD /* SushiNekoUITests.xctest */ = {isa = PBXFileReference; explicitFileType = wrapper.cfbundle; includeInIndex = 0; path = SushiNekoUITests.xctest; sourceTree = BUILT_PRODUCTS_DIR; };
		773695C0271DCF14007615CD /* SushiNekoUITests.swift */ = {isa = PBXFileReference; lastKnownFileType = sourcecode.swift; path = SushiNekoUITests.swift; sourceTree = "<group>"; };
		773695C2271DCF14007615CD /* SushiNekoUITestsLaunchTests.swift */ = {isa = PBXFileReference; lastKnownFileType = sourcecode.swift; path = SushiNekoUITestsLaunchTests.swift; sourceTree = "<group>"; };
/* End PBXFileReference section */

/* Begin PBXFrameworksBuildPhase section */
		77369596271DCF11007615CD /* Frameworks */ = {
			isa = PBXFrameworksBuildPhase;
			buildActionMask = 2147483647;
			files = (
			);
			runOnlyForDeploymentPostprocessing = 0;
		};
		773695AF271DCF14007615CD /* Frameworks */ = {
			isa = PBXFrameworksBuildPhase;
			buildActionMask = 2147483647;
			files = (
			);
			runOnlyForDeploymentPostprocessing = 0;
		};
		773695B9271DCF14007615CD /* Frameworks */ = {
			isa = PBXFrameworksBuildPhase;
			buildActionMask = 2147483647;
			files = (
			);
			runOnlyForDeploymentPostprocessing = 0;
		};
/* End PBXFrameworksBuildPhase section */

/* Begin PBXGroup section */
		77369590271DCF11007615CD = {
			isa = PBXGroup;
			children = (
				7736959B271DCF11007615CD /* SushiNeko */,
				773695B5271DCF14007615CD /* SushiNekoTests */,
				773695BF271DCF14007615CD /* SushiNekoUITests */,
				7736959A271DCF11007615CD /* Products */,
			);
			sourceTree = "<group>";
		};
		7736959A271DCF11007615CD /* Products */ = {
			isa = PBXGroup;
			children = (
				77369599271DCF11007615CD /* SushiNeko.app */,
				773695B2271DCF14007615CD /* SushiNekoTests.xctest */,
				773695BC271DCF14007615CD /* SushiNekoUITests.xctest */,
			);
			name = Products;
			sourceTree = "<group>";
		};
		7736959B271DCF11007615CD /* SushiNeko */ = {
			isa = PBXGroup;
			children = (
				7736959C271DCF11007615CD /* AppDelegate.swift */,
				7736959E271DCF11007615CD /* GameScene.sks */,
				773695A0271DCF11007615CD /* Actions.sks */,
				773695A2271DCF11007615CD /* GameScene.swift */,
				773695A4271DCF11007615CD /* GameViewController.swift */,
				773695A6271DCF11007615CD /* Main.storyboard */,
				773695A9271DCF13007615CD /* Assets.xcassets */,
				773695AB271DCF13007615CD /* LaunchScreen.storyboard */,
			);
			path = SushiNeko;
			sourceTree = "<group>";
		};
		773695B5271DCF14007615CD /* SushiNekoTests */ = {
			isa = PBXGroup;
			children = (
				773695B6271DCF14007615CD /* SushiNekoTests.swift */,
			);
			path = SushiNekoTests;
			sourceTree = "<group>";
		};
		773695BF271DCF14007615CD /* SushiNekoUITests */ = {
			isa = PBXGroup;
			children = (
				773695C0271DCF14007615CD /* SushiNekoUITests.swift */,
				773695C2271DCF14007615CD /* SushiNekoUITestsLaunchTests.swift */,
			);
			path = SushiNekoUITests;
			sourceTree = "<group>";
		};
/* End PBXGroup section */

/* Begin PBXNativeTarget section */
		77369598271DCF11007615CD /* SushiNeko */ = {
			isa = PBXNativeTarget;
			buildConfigurationList = 773695C6271DCF14007615CD /* Build configuration list for PBXNativeTarget "SushiNeko" */;
			buildPhases = (
				77369595271DCF11007615CD /* Sources */,
				77369596271DCF11007615CD /* Frameworks */,
				77369597271DCF11007615CD /* Resources */,
			);
			buildRules = (
			);
			dependencies = (
			);
			name = SushiNeko;
			productName = SushiNeko;
			productReference = 77369599271DCF11007615CD /* SushiNeko.app */;
			productType = "com.apple.product-type.application";
		};
		773695B1271DCF14007615CD /* SushiNekoTests */ = {
			isa = PBXNativeTarget;
			buildConfigurationList = 773695C9271DCF14007615CD /* Build configuration list for PBXNativeTarget "SushiNekoTests" */;
			buildPhases = (
				773695AE271DCF14007615CD /* Sources */,
				773695AF271DCF14007615CD /* Frameworks */,
				773695B0271DCF14007615CD /* Resources */,
			);
			buildRules = (
			);
			dependencies = (
				773695B4271DCF14007615CD /* PBXTargetDependency */,
			);
			name = SushiNekoTests;
			productName = SushiNekoTests;
			productReference = 773695B2271DCF14007615CD /* SushiNekoTests.xctest */;
			productType = "com.apple.product-type.bundle.unit-test";
		};
		773695BB271DCF14007615CD /* SushiNekoUITests */ = {
			isa = PBXNativeTarget;
			buildConfigurationList = 773695CC271DCF14007615CD /* Build configuration list for PBXNativeTarget "SushiNekoUITests" */;
			buildPhases = (
				773695B8271DCF14007615CD /* Sources */,
				773695B9271DCF14007615CD /* Frameworks */,
				773695BA271DCF14007615CD /* Resources */,
			);
			buildRules = (
			);
			dependencies = (
				773695BE271DCF14007615CD /* PBXTargetDependency */,
			);
			name = SushiNekoUITests;
			productName = SushiNekoUITests;
			productReference = 773695BC271DCF14007615CD /* SushiNekoUITests.xctest */;
			productType = "com.apple.product-type.bundle.ui-testing";
		};
/* End PBXNativeTarget section */

/* Begin PBXProject section */
		77369591271DCF11007615CD /* Project object */ = {
			isa = PBXProject;
			attributes = {
				BuildIndependentTargetsInParallel = 1;
				LastSwiftUpdateCheck = 1300;
				LastUpgradeCheck = 1300;
				TargetAttributes = {
					77369598271DCF11007615CD = {
						CreatedOnToolsVersion = 13.0;
					};
					773695B1271DCF14007615CD = {
						CreatedOnToolsVersion = 13.0;
						TestTargetID = 77369598271DCF11007615CD;
					};
					773695BB271DCF14007615CD = {
						CreatedOnToolsVersion = 13.0;
						TestTargetID = 77369598271DCF11007615CD;
					};
				};
			};
			buildConfigurationList = 77369594271DCF11007615CD /* Build configuration list for PBXProject "SushiNeko" */;
			compatibilityVersion = "Xcode 13.0";
			developmentRegion = en;
			hasScannedForEncodings = 0;
			knownRegions = (
				en,
				Base,
			);
			mainGroup = 77369590271DCF11007615CD;
			productRefGroup = 7736959A271DCF11007615CD /* Products */;
			projectDirPath = "";
			projectRoot = "";
			targets = (
				77369598271DCF11007615CD /* SushiNeko */,
				773695B1271DCF14007615CD /* SushiNekoTests */,
				773695BB271DCF14007615CD /* SushiNekoUITests */,
			);
		};
/* End PBXProject section */

/* Begin PBXResourcesBuildPhase section */
		77369597271DCF11007615CD /* Resources */ = {
			isa = PBXResourcesBuildPhase;
			buildActionMask = 2147483647;
			files = (
				773695A8271DCF11007615CD /* Main.storyboard in Resources */,
				7736959F271DCF11007615CD /* GameScene.sks in Resources */,
				773695AA271DCF13007615CD /* Assets.xcassets in Resources */,
				773695AD271DCF13007615CD /* LaunchScreen.storyboard in Resources */,
				773695A1271DCF11007615CD /* Actions.sks in Resources */,
			);
			runOnlyForDeploymentPostprocessing = 0;
		};
		773695B0271DCF14007615CD /* Resources */ = {
			isa = PBXResourcesBuildPhase;
			buildActionMask = 2147483647;
			files = (
			);
			runOnlyForDeploymentPostprocessing = 0;
		};
		773695BA271DCF14007615CD /* Resources */ = {
			isa = PBXResourcesBuildPhase;
			buildActionMask = 2147483647;
			files = (
			);
			runOnlyForDeploymentPostprocessing = 0;
		};
/* End PBXResourcesBuildPhase section */

/* Begin PBXSourcesBuildPhase section */
		77369595271DCF11007615CD /* Sources */ = {
			isa = PBXSourcesBuildPhase;
			buildActionMask = 2147483647;
			files = (
				773695A3271DCF11007615CD /* GameScene.swift in Sources */,
				773695A5271DCF11007615CD /* GameViewController.swift in Sources */,
				7736959D271DCF11007615CD /* AppDelegate.swift in Sources */,
			);
			runOnlyForDeploymentPostprocessing = 0;
		};
		773695AE271DCF14007615CD /* Sources */ = {
			isa = PBXSourcesBuildPhase;
			buildActionMask = 2147483647;
			files = (
				773695B7271DCF14007615CD /* SushiNekoTests.swift in Sources */,
			);
			runOnlyForDeploymentPostprocessing = 0;
		};
		773695B8271DCF14007615CD /* Sources */ = {
			isa = PBXSourcesBuildPhase;
			buildActionMask = 2147483647;
			files = (
				773695C3271DCF14007615CD /* SushiNekoUITestsLaunchTests.swift in Sources */,
				773695C1271DCF14007615CD /* SushiNekoUITests.swift in Sources */,
			);
			runOnlyForDeploymentPostprocessing = 0;
		};
/* End PBXSourcesBuildPhase section */

/* Begin PBXTargetDependency section */
		773695B4271DCF14007615CD /* PBXTargetDependency */ = {
			isa = PBXTargetDependency;
			target = 77369598271DCF11007615CD /* SushiNeko */;
			targetProxy = 773695B3271DCF14007615CD /* PBXContainerItemProxy */;
		};
		773695BE271DCF14007615CD /* PBXTargetDependency */ = {
			isa = PBXTargetDependency;
			target = 77369598271DCF11007615CD /* SushiNeko */;
			targetProxy = 773695BD271DCF14007615CD /* PBXContainerItemProxy */;
		};
/* End PBXTargetDependency section */

/* Begin PBXVariantGroup section */
		773695A6271DCF11007615CD /* Main.storyboard */ = {
			isa = PBXVariantGroup;
			children = (
				773695A7271DCF11007615CD /* Base */,
			);
			name = Main.storyboard;
			sourceTree = "<group>";
		};
		773695AB271DCF13007615CD /* LaunchScreen.storyboard */ = {
			isa = PBXVariantGroup;
			children = (
				773695AC271DCF13007615CD /* Base */,
			);
			name = LaunchScreen.storyboard;
			sourceTree = "<group>";
		};
/* End PBXVariantGroup section */

/* Begin XCBuildConfiguration section */
		773695C4271DCF14007615CD /* Debug */ = {
			isa = XCBuildConfiguration;
			buildSettings = {
				ALWAYS_SEARCH_USER_PATHS = NO;
				CLANG_ANALYZER_NONNULL = YES;
				CLANG_ANALYZER_NUMBER_OBJECT_CONVERSION = YES_AGGRESSIVE;
				CLANG_CXX_LANGUAGE_STANDARD = "gnu++17";
				CLANG_CXX_LIBRARY = "libc++";
				CLANG_ENABLE_MODULES = YES;
				CLANG_ENABLE_OBJC_ARC = YES;
				CLANG_ENABLE_OBJC_WEAK = YES;
				CLANG_WARN_BLOCK_CAPTURE_AUTORELEASING = YES;
				CLANG_WARN_BOOL_CONVERSION = YES;
				CLANG_WARN_COMMA = YES;
				CLANG_WARN_CONSTANT_CONVERSION = YES;
				CLANG_WARN_DEPRECATED_OBJC_IMPLEMENTATIONS = YES;
				CLANG_WARN_DIRECT_OBJC_ISA_USAGE = YES_ERROR;
				CLANG_WARN_DOCUMENTATION_COMMENTS = YES;
				CLANG_WARN_EMPTY_BODY = YES;
				CLANG_WARN_ENUM_CONVERSION = YES;
				CLANG_WARN_INFINITE_RECURSION = YES;
				CLANG_WARN_INT_CONVERSION = YES;
				CLANG_WARN_NON_LITERAL_NULL_CONVERSION = YES;
				CLANG_WARN_OBJC_IMPLICIT_RETAIN_SELF = YES;
				CLANG_WARN_OBJC_LITERAL_CONVERSION = YES;
				CLANG_WARN_OBJC_ROOT_CLASS = YES_ERROR;
				CLANG_WARN_QUOTED_INCLUDE_IN_FRAMEWORK_HEADER = YES;
				CLANG_WARN_RANGE_LOOP_ANALYSIS = YES;
				CLANG_WARN_STRICT_PROTOTYPES = YES;
				CLANG_WARN_SUSPICIOUS_MOVE = YES;
				CLANG_WARN_UNGUARDED_AVAILABILITY = YES_AGGRESSIVE;
				CLANG_WARN_UNREACHABLE_CODE = YES;
				CLANG_WARN__DUPLICATE_METHOD_MATCH = YES;
				COPY_PHASE_STRIP = NO;
				DEBUG_INFORMATION_FORMAT = dwarf;
				ENABLE_STRICT_OBJC_MSGSEND = YES;
				ENABLE_TESTABILITY = YES;
				GCC_C_LANGUAGE_STANDARD = gnu11;
				GCC_DYNAMIC_NO_PIC = NO;
				GCC_NO_COMMON_BLOCKS = YES;
				GCC_OPTIMIZATION_LEVEL = 0;
				GCC_PREPROCESSOR_DEFINITIONS = (
					"DEBUG=1",
					"$(inherited)",
				);
				GCC_WARN_64_TO_32_BIT_CONVERSION = YES;
				GCC_WARN_ABOUT_RETURN_TYPE = YES_ERROR;
				GCC_WARN_UNDECLARED_SELECTOR = YES;
				GCC_WARN_UNINITIALIZED_AUTOS = YES_AGGRESSIVE;
				GCC_WARN_UNUSED_FUNCTION = YES;
				GCC_WARN_UNUSED_VARIABLE = YES;
				IPHONEOS_DEPLOYMENT_TARGET = 15.0;
				MTL_ENABLE_DEBUG_INFO = INCLUDE_SOURCE;
				MTL_FAST_MATH = YES;
				ONLY_ACTIVE_ARCH = YES;
				SDKROOT = iphoneos;
				SWIFT_ACTIVE_COMPILATION_CONDITIONS = DEBUG;
				SWIFT_OPTIMIZATION_LEVEL = "-Onone";
			};
			name = Debug;
		};
		773695C5271DCF14007615CD /* Release */ = {
			isa = XCBuildConfiguration;
			buildSettings = {
				ALWAYS_SEARCH_USER_PATHS = NO;
				CLANG_ANALYZER_NONNULL = YES;
				CLANG_ANALYZER_NUMBER_OBJECT_CONVERSION = YES_AGGRESSIVE;
				CLANG_CXX_LANGUAGE_STANDARD = "gnu++17";
				CLANG_CXX_LIBRARY = "libc++";
				CLANG_ENABLE_MODULES = YES;
				CLANG_ENABLE_OBJC_ARC = YES;
				CLANG_ENABLE_OBJC_WEAK = YES;
				CLANG_WARN_BLOCK_CAPTURE_AUTORELEASING = YES;
				CLANG_WARN_BOOL_CONVERSION = YES;
				CLANG_WARN_COMMA = YES;
				CLANG_WARN_CONSTANT_CONVERSION = YES;
				CLANG_WARN_DEPRECATED_OBJC_IMPLEMENTATIONS = YES;
				CLANG_WARN_DIRECT_OBJC_ISA_USAGE = YES_ERROR;
				CLANG_WARN_DOCUMENTATION_COMMENTS = YES;
				CLANG_WARN_EMPTY_BODY = YES;
				CLANG_WARN_ENUM_CONVERSION = YES;
				CLANG_WARN_INFINITE_RECURSION = YES;
				CLANG_WARN_INT_CONVERSION = YES;
				CLANG_WARN_NON_LITERAL_NULL_CONVERSION = YES;
				CLANG_WARN_OBJC_IMPLICIT_RETAIN_SELF = YES;
				CLANG_WARN_OBJC_LITERAL_CONVERSION = YES;
				CLANG_WARN_OBJC_ROOT_CLASS = YES_ERROR;
				CLANG_WARN_QUOTED_INCLUDE_IN_FRAMEWORK_HEADER = YES;
				CLANG_WARN_RANGE_LOOP_ANALYSIS = YES;
				CLANG_WARN_STRICT_PROTOTYPES = YES;
				CLANG_WARN_SUSPICIOUS_MOVE = YES;
				CLANG_WARN_UNGUARDED_AVAILABILITY = YES_AGGRESSIVE;
				CLANG_WARN_UNREACHABLE_CODE = YES;
				CLANG_WARN__DUPLICATE_METHOD_MATCH = YES;
				COPY_PHASE_STRIP = NO;
				DEBUG_INFORMATION_FORMAT = "dwarf-with-dsym";
				ENABLE_NS_ASSERTIONS = NO;
				ENABLE_STRICT_OBJC_MSGSEND = YES;
				GCC_C_LANGUAGE_STANDARD = gnu11;
				GCC_NO_COMMON_BLOCKS = YES;
				GCC_WARN_64_TO_32_BIT_CONVERSION = YES;
				GCC_WARN_ABOUT_RETURN_TYPE = YES_ERROR;
				GCC_WARN_UNDECLARED_SELECTOR = YES;
				GCC_WARN_UNINITIALIZED_AUTOS = YES_AGGRESSIVE;
				GCC_WARN_UNUSED_FUNCTION = YES;
				GCC_WARN_UNUSED_VARIABLE = YES;
				IPHONEOS_DEPLOYMENT_TARGET = 15.0;
				MTL_ENABLE_DEBUG_INFO = NO;
				MTL_FAST_MATH = YES;
				SDKROOT = iphoneos;
				SWIFT_COMPILATION_MODE = wholemodule;
				SWIFT_OPTIMIZATION_LEVEL = "-O";
				VALIDATE_PRODUCT = YES;
			};
			name = Release;
		};
		773695C7271DCF14007615CD /* Debug */ = {
			isa = XCBuildConfiguration;
			buildSettings = {
				ASSETCATALOG_COMPILER_APPICON_NAME = AppIcon;
				ASSETCATALOG_COMPILER_GLOBAL_ACCENT_COLOR_NAME = AccentColor;
				CODE_SIGN_STYLE = Automatic;
				CURRENT_PROJECT_VERSION = 1;
				GENERATE_INFOPLIST_FILE = YES;
				INFOPLIST_KEY_UIApplicationSupportsIndirectInputEvents = YES;
				INFOPLIST_KEY_UILaunchStoryboardName = LaunchScreen;
				INFOPLIST_KEY_UIMainStoryboardFile = Main;
				INFOPLIST_KEY_UIStatusBarHidden = YES;
				INFOPLIST_KEY_UISupportedInterfaceOrientations_iPad = "UIInterfaceOrientationPortrait UIInterfaceOrientationPortraitUpsideDown UIInterfaceOrientationLandscapeLeft UIInterfaceOrientationLandscapeRight";
				INFOPLIST_KEY_UISupportedInterfaceOrientations_iPhone = "UIInterfaceOrientationPortrait UIInterfaceOrientationLandscapeLeft UIInterfaceOrientationLandscapeRight";
				LD_RUNPATH_SEARCH_PATHS = (
					"$(inherited)",
					"@executable_path/Frameworks",
				);
				MARKETING_VERSION = 1.0;
				PRODUCT_BUNDLE_IDENTIFIER = nicoefs.SushiNeko;
				PRODUCT_NAME = "$(TARGET_NAME)";
				SWIFT_EMIT_LOC_STRINGS = YES;
				SWIFT_VERSION = 5.0;
				TARGETED_DEVICE_FAMILY = "1,2";
			};
			name = Debug;
		};
		773695C8271DCF14007615CD /* Release */ = {
			isa = XCBuildConfiguration;
			buildSettings = {
				ASSETCATALOG_COMPILER_APPICON_NAME = AppIcon;
				ASSETCATALOG_COMPILER_GLOBAL_ACCENT_COLOR_NAME = AccentColor;
				CODE_SIGN_STYLE = Automatic;
				CURRENT_PROJECT_VERSION = 1;
				GENERATE_INFOPLIST_FILE = YES;
				INFOPLIST_KEY_UIApplicationSupportsIndirectInputEvents = YES;
				INFOPLIST_KEY_UILaunchStoryboardName = LaunchScreen;
				INFOPLIST_KEY_UIMainStoryboardFile = Main;
				INFOPLIST_KEY_UIStatusBarHidden = YES;
				INFOPLIST_KEY_UISupportedInterfaceOrientations_iPad = "UIInterfaceOrientationPortrait UIInterfaceOrientationPortraitUpsideDown UIInterfaceOrientationLandscapeLeft UIInterfaceOrientationLandscapeRight";
				INFOPLIST_KEY_UISupportedInterfaceOrientations_iPhone = "UIInterfaceOrientationPortrait UIInterfaceOrientationLandscapeLeft UIInterfaceOrientationLandscapeRight";
				LD_RUNPATH_SEARCH_PATHS = (
					"$(inherited)",
					"@executable_path/Frameworks",
				);
				MARKETING_VERSION = 1.0;
				PRODUCT_BUNDLE_IDENTIFIER = nicoefs.SushiNeko;
				PRODUCT_NAME = "$(TARGET_NAME)";
				SWIFT_EMIT_LOC_STRINGS = YES;
				SWIFT_VERSION = 5.0;
				TARGETED_DEVICE_FAMILY = "1,2";
			};
			name = Release;
		};
		773695CA271DCF14007615CD /* Debug */ = {
			isa = XCBuildConfiguration;
			buildSettings = {
				ALWAYS_EMBED_SWIFT_STANDARD_LIBRARIES = YES;
				BUNDLE_LOADER = "$(TEST_HOST)";
				CODE_SIGN_STYLE = Automatic;
				CURRENT_PROJECT_VERSION = 1;
				GENERATE_INFOPLIST_FILE = YES;
				IPHONEOS_DEPLOYMENT_TARGET = 15.0;
				LD_RUNPATH_SEARCH_PATHS = (
					"$(inherited)",
					"@executable_path/Frameworks",
					"@loader_path/Frameworks",
				);
				MARKETING_VERSION = 1.0;
				PRODUCT_BUNDLE_IDENTIFIER = nicoefs.SushiNekoTests;
				PRODUCT_NAME = "$(TARGET_NAME)";
				SWIFT_EMIT_LOC_STRINGS = NO;
				SWIFT_VERSION = 5.0;
				TARGETED_DEVICE_FAMILY = "1,2";
				TEST_HOST = "$(BUILT_PRODUCTS_DIR)/SushiNeko.app/SushiNeko";
			};
			name = Debug;
		};
		773695CB271DCF14007615CD /* Release */ = {
			isa = XCBuildConfiguration;
			buildSettings = {
				ALWAYS_EMBED_SWIFT_STANDARD_LIBRARIES = YES;
				BUNDLE_LOADER = "$(TEST_HOST)";
				CODE_SIGN_STYLE = Automatic;
				CURRENT_PROJECT_VERSION = 1;
				GENERATE_INFOPLIST_FILE = YES;
				IPHONEOS_DEPLOYMENT_TARGET = 15.0;
				LD_RUNPATH_SEARCH_PATHS = (
					"$(inherited)",
					"@executable_path/Frameworks",
					"@loader_path/Frameworks",
				);
				MARKETING_VERSION = 1.0;
				PRODUCT_BUNDLE_IDENTIFIER = nicoefs.SushiNekoTests;
				PRODUCT_NAME = "$(TARGET_NAME)";
				SWIFT_EMIT_LOC_STRINGS = NO;
				SWIFT_VERSION = 5.0;
				TARGETED_DEVICE_FAMILY = "1,2";
				TEST_HOST = "$(BUILT_PRODUCTS_DIR)/SushiNeko.app/SushiNeko";
			};
			name = Release;
		};
		773695CD271DCF14007615CD /* Debug */ = {
			isa = XCBuildConfiguration;
			buildSettings = {
				ALWAYS_EMBED_SWIFT_STANDARD_LIBRARIES = YES;
				CODE_SIGN_STYLE = Automatic;
				CURRENT_PROJECT_VERSION = 1;
				GENERATE_INFOPLIST_FILE = YES;
				LD_RUNPATH_SEARCH_PATHS = (
					"$(inherited)",
					"@executable_path/Frameworks",
					"@loader_path/Frameworks",
				);
				MARKETING_VERSION = 1.0;
				PRODUCT_BUNDLE_IDENTIFIER = nicoefs.SushiNekoUITests;
				PRODUCT_NAME = "$(TARGET_NAME)";
				SWIFT_EMIT_LOC_STRINGS = NO;
				SWIFT_VERSION = 5.0;
				TARGETED_DEVICE_FAMILY = "1,2";
				TEST_TARGET_NAME = SushiNeko;
			};
			name = Debug;
		};
		773695CE271DCF14007615CD /* Release */ = {
			isa = XCBuildConfiguration;
			buildSettings = {
				ALWAYS_EMBED_SWIFT_STANDARD_LIBRARIES = YES;
				CODE_SIGN_STYLE = Automatic;
				CURRENT_PROJECT_VERSION = 1;
				GENERATE_INFOPLIST_FILE = YES;
				LD_RUNPATH_SEARCH_PATHS = (
					"$(inherited)",
					"@executable_path/Frameworks",
					"@loader_path/Frameworks",
				);
				MARKETING_VERSION = 1.0;
				PRODUCT_BUNDLE_IDENTIFIER = nicoefs.SushiNekoUITests;
				PRODUCT_NAME = "$(TARGET_NAME)";
				SWIFT_EMIT_LOC_STRINGS = NO;
				SWIFT_VERSION = 5.0;
				TARGETED_DEVICE_FAMILY = "1,2";
				TEST_TARGET_NAME = SushiNeko;
			};
			name = Release;
		};
/* End XCBuildConfiguration section */

/* Begin XCConfigurationList section */
		77369594271DCF11007615CD /* Build configuration list for PBXProject "SushiNeko" */ = {
			isa = XCConfigurationList;
			buildConfigurations = (
				773695C4271DCF14007615CD /* Debug */,
				773695C5271DCF14007615CD /* Release */,
			);
			defaultConfigurationIsVisible = 0;
			defaultConfigurationName = Release;
		};
		773695C6271DCF14007615CD /* Build configuration list for PBXNativeTarget "SushiNeko" */ = {
			isa = XCConfigurationList;
			buildConfigurations = (
				773695C7271DCF14007615CD /* Debug */,
				773695C8271DCF14007615CD /* Release */,
			);
			defaultConfigurationIsVisible = 0;
			defaultConfigurationName = Release;
		};
		773695C9271DCF14007615CD /* Build configuration list for PBXNativeTarget "SushiNekoTests" */ = {
			isa = XCConfigurationList;
			buildConfigurations = (
				773695CA271DCF14007615CD /* Debug */,
				773695CB271DCF14007615CD /* Release */,
			);
			defaultConfigurationIsVisible = 0;
			defaultConfigurationName = Release;
		};
		773695CC271DCF14007615CD /* Build configuration list for PBXNativeTarget "SushiNekoUITests" */ = {
			isa = XCConfigurationList;
			buildConfigurations = (
				773695CD271DCF14007615CD /* Debug */,
				773695CE271DCF14007615CD /* Release */,
			);
			defaultConfigurationIsVisible = 0;
			defaultConfigurationName = Release;
		};
/* End XCConfigurationList section */
	};
	rootObject = 77369591271DCF11007615CD /* Project object */;
}
